{
  "name": "test-2fa-dependent",
  "version": "1.0.0",
  "lockfileVersion": 3,
  "requires": true,
  "packages": {
    "": {
      "name": "test-2fa-dependent",
      "version": "1.0.0",
      "license": "ISC",
      "dependencies": {
        "@v1v/test-2fa-bar": "file:../test-2fa-bar"
      }
    },
    "../test-2fa-bar": {
      "name": "test-2fa-bar",
      "version": "2.1.3",
      "license": "ISC",
      "devDependencies": {
        "jest": "^25.1.0"
      }
    },
    "node_modules/@v1v/test-2fa-bar": {
      "resolved": "../test-2fa-bar",
      "link": true
    }
  }
}
